<?xml version="1.0" encoding="utf-8"?>
<Project ToolsVersion="4.0" xmlns="http://schemas.microsoft.com/developer/msbuild/2003">
  <ItemGroup>
    <Filter Include="Base">
      <UniqueIdentifier>{b6cdbf65-5e85-42b8-ae66-8fa7ddbe979e}</UniqueIdentifier>
    </Filter>
    <Filter Include="Selection">
      <UniqueIdentifier>{e2d337f0-6c19-477b-b94c-a7ffb52d9f5c}</UniqueIdentifier>
    </Filter>
    <Filter Include="Insertion">
      <UniqueIdentifier>{54cec47c-aea9-470a-bd80-352a13db8497}</UniqueIdentifier>
    </Filter>
    <Filter Include="Bubble">
      <UniqueIdentifier>{aa626700-748f-431b-80b2-097b0b0e8384}</UniqueIdentifier>
    </Filter>
    <Filter Include="Merge">
      <UniqueIdentifier>{13792aa4-f30a-4f3c-a3ee-efc6e06aaf59}</UniqueIdentifier>
    </Filter>
    <Filter Include="Quick">
      <UniqueIdentifier>{1605d6ef-85ed-43f4-b8b1-fb0e328f3691}</UniqueIdentifier>
    </Filter>
  </ItemGroup>
  <ItemGroup>
    <ClInclude Include="SelectionSort.h">
      <Filter>Selection</Filter>
    </ClInclude>
    <ClInclude Include="BaseSort.h">
      <Filter>Base</Filter>
    </ClInclude>
    <ClInclude Include="RandArrayGenerator.h">
      <Filter>Base</Filter>
    </ClInclude>
    <ClInclude Include="DoubleSelectionSort.h">
      <Filter>Selection</Filter>
    </ClInclude>
    <ClInclude Include="BubbleSort.h">
      <Filter>Bubble</Filter>
    </ClInclude>
    <ClInclude Include="InsertionSort.h">
      <Filter>Insertion</Filter>
    </ClInclude>
    <ClInclude Include="MergeSort.h">
      <Filter>Merge</Filter>
    </ClInclude>
    <ClInclude Include="QuickSort.h">
      <Filter>Quick</Filter>
    </ClInclude>
    <ClInclude Include="TimeCounter.h">
      <Filter>Base</Filter>
    </ClInclude>
  </ItemGroup>
  <ItemGroup>
    <ClCompile Include="BaseSort.cpp">
      <Filter>Base</Filter>
    </ClCompile>
    <ClCompile Include="BubbleSort.cpp">
      <Filter>Bubble</Filter>
    </ClCompile>
    <ClCompile Include="InsertionSort.cpp">
      <Filter>Insertion</Filter>
    </ClCompile>
    <ClCompile Include="MergeSort.cpp">
      <Filter>Merge</Filter>
    </ClCompile>
    <ClCompile Include="SelectionSort.cpp">
      <Filter>Selection</Filter>
    </ClCompile>
    <ClCompile Include="DoubleSelectionSort.cpp">
      <Filter>Selection</Filter>
    </ClCompile>
    <ClCompile Include="QuickSort.cpp">
      <Filter>Quick</Filter>
    </ClCompile>
    <ClCompile Include="TimeCounter.cpp">
      <Filter>Base</Filter>
    </ClCompile>
  </ItemGroup>
</Project>