
Microsoft Visual Studio Solution File, Format Version 12.00
# Visual Studio 15
VisualStudioVersion = 15.0.28307.705
MinimumVisualStudioVersion = 10.0.40219.1
Project("{8BC9CEB8-8B4A-11D0-8D11-00A0C91BC942}") = "DirectXTutorials", "DirectXTutorials\DirectXTutorials.vcxproj", "{B4828768-D3C8-4DA8-9EA3-ECFAFB5CAF06}"
EndProject
Project("{8BC9CEB8-8B4A-11D0-8D11-00A0C91BC942}") = "DirectXBook", "DirectXBook\DirectXBook.vcxproj", "{5C2C2F4F-A9F9-4EFD-A252-13EFDE20FFBA}"
EndProject
Global
	GlobalSection(SolutionConfigurationPlatforms) = preSolution
		Debug|x64 = Debug|x64
		Debug|x86 = Debug|x86
		Release|x64 = Release|x64
		Release|x86 = Release|x86
	EndGlobalSection
	GlobalSection(ProjectConfigurationPlatforms) = postSolution
		{B4828768-D3C8-4DA8-9EA3-ECFAFB5CAF06}.Debug|x64.ActiveCfg = Debug|x64
		{B4828768-D3C8-4DA8-9EA3-ECFAFB5CAF06}.Debug|x64.Build.0 = Debug|x64
		{B4828768-D3C8-4DA8-9EA3-ECFAFB5CAF06}.Debug|x86.ActiveCfg = Debug|Win32
		{B4828768-D3C8-4DA8-9EA3-ECFAFB5CAF06}.Debug|x86.Build.0 = Debug|Win32
		{B4828768-D3C8-4DA8-9EA3-ECFAFB5CAF06}.Release|x64.ActiveCfg = Release|x64
		{B4828768-D3C8-4DA8-9EA3-ECFAFB5CAF06}.Release|x64.Build.0 = Release|x64
		{B4828768-D3C8-4DA8-9EA3-ECFAFB5CAF06}.Release|x86.ActiveCfg = Release|Win32
		{B4828768-D3C8-4DA8-9EA3-ECFAFB5CAF06}.Release|x86.Build.0 = Release|Win32
		{5C2C2F4F-A9F9-4EFD-A252-13EFDE20FFBA}.Debug|x64.ActiveCfg = Debug|x64
		{5C2C2F4F-A9F9-4EFD-A252-13EFDE20FFBA}.Debug|x64.Build.0 = Debug|x64
		{5C2C2F4F-A9F9-4EFD-A252-13EFDE20FFBA}.Debug|x86.ActiveCfg = Debug|Win32
		{5C2C2F4F-A9F9-4EFD-A252-13EFDE20FFBA}.Debug|x86.Build.0 = Debug|Win32
		{5C2C2F4F-A9F9-4EFD-A252-13EFDE20FFBA}.Release|x64.ActiveCfg = Release|x64
		{5C2C2F4F-A9F9-4EFD-A252-13EFDE20FFBA}.Release|x64.Build.0 = Release|x64
		{5C2C2F4F-A9F9-4EFD-A252-13EFDE20FFBA}.Release|x86.ActiveCfg = Release|Win32
		{5C2C2F4F-A9F9-4EFD-A252-13EFDE20FFBA}.Release|x86.Build.0 = Release|Win32
	EndGlobalSection
	GlobalSection(SolutionProperties) = preSolution
		HideSolutionNode = FALSE
	EndGlobalSection
	GlobalSection(ExtensibilityGlobals) = postSolution
		SolutionGuid = {B7ECAA61-26B3-4098-A455-F658480B2DD5}
	EndGlobalSection
EndGlobal
