<?xml version="1.0" encoding="utf-8"?>
<Project ToolsVersion="4.0" xmlns="http://schemas.microsoft.com/developer/msbuild/2003">
  <ItemGroup>
    <Filter Include="DirectX11">
      <UniqueIdentifier>{3dc03bd3-f8fb-43f5-a0e1-4369a0e5f27d}</UniqueIdentifier>
    </Filter>
    <Filter Include="DirectX11\Header">
      <UniqueIdentifier>{104924ce-6d6a-4da3-88b3-c57af01fc0fb}</UniqueIdentifier>
    </Filter>
    <Filter Include="DirectX11\Source">
      <UniqueIdentifier>{edc36c94-6c68-4e38-9486-f123f993971a}</UniqueIdentifier>
    </Filter>
    <Filter Include="FBXParser">
      <UniqueIdentifier>{b213f582-8631-471a-b400-3f2b7cddee4d}</UniqueIdentifier>
    </Filter>
    <Filter Include="Shader">
      <UniqueIdentifier>{eac14d25-136f-4b6e-80ce-73ce9697bfe6}</UniqueIdentifier>
    </Filter>
    <Filter Include="WinFramework">
      <UniqueIdentifier>{6a2d8888-355f-4897-9556-bacbad8be74a}</UniqueIdentifier>
    </Filter>
    <Filter Include="Profiler">
      <UniqueIdentifier>{8aca66b5-15f4-488a-a38b-80c14983b5fb}</UniqueIdentifier>
    </Filter>
  </ItemGroup>
  <ItemGroup>
    <ClCompile Include="SystemClass.cpp">
      <Filter>WinFramework</Filter>
    </ClCompile>
    <ClCompile Include="Main.cpp">
      <Filter>WinFramework</Filter>
    </ClCompile>
    <ClCompile Include="InputClass.cpp">
      <Filter>WinFramework</Filter>
    </ClCompile>
    <ClCompile Include="TextureClass.cpp">
      <Filter>DirectX11\Source</Filter>
    </ClCompile>
    <ClCompile Include="CameraClass.cpp">
      <Filter>DirectX11\Source</Filter>
    </ClCompile>
    <ClCompile Include="D3DClass.cpp">
      <Filter>DirectX11\Source</Filter>
    </ClCompile>
    <ClCompile Include="GraphicsClass.cpp">
      <Filter>DirectX11\Source</Filter>
    </ClCompile>
    <ClCompile Include="LightClass.cpp">
      <Filter>DirectX11\Source</Filter>
    </ClCompile>
    <ClCompile Include="LightShaderClass.cpp">
      <Filter>DirectX11\Source</Filter>
    </ClCompile>
    <ClCompile Include="ModelClass.cpp">
      <Filter>DirectX11\Source</Filter>
    </ClCompile>
    <ClCompile Include="FBXParser.cpp">
      <Filter>FBXParser</Filter>
    </ClCompile>
    <ClCompile Include="BitmapClass.cpp">
      <Filter>DirectX11\Source</Filter>
    </ClCompile>
    <ClCompile Include="FontClass.cpp">
      <Filter>DirectX11\Source</Filter>
    </ClCompile>
    <ClCompile Include="FontShaderClass.cpp">
      <Filter>DirectX11\Source</Filter>
    </ClCompile>
    <ClCompile Include="TextClass.cpp">
      <Filter>DirectX11\Source</Filter>
    </ClCompile>
    <ClCompile Include="CPUClass.cpp">
      <Filter>Profiler</Filter>
    </ClCompile>
    <ClCompile Include="TimerClass.cpp">
      <Filter>Profiler</Filter>
    </ClCompile>
    <ClCompile Include="FPSClass.cpp">
      <Filter>Profiler</Filter>
    </ClCompile>
  </ItemGroup>
  <ItemGroup>
    <ClInclude Include="SystemClass.h">
      <Filter>WinFramework</Filter>
    </ClInclude>
    <ClInclude Include="InputClass.h">
      <Filter>WinFramework</Filter>
    </ClInclude>
    <ClInclude Include="CameraClass.h">
      <Filter>DirectX11\Header</Filter>
    </ClInclude>
    <ClInclude Include="D3DClass.h">
      <Filter>DirectX11\Header</Filter>
    </ClInclude>
    <ClInclude Include="GraphicsClass.h">
      <Filter>DirectX11\Header</Filter>
    </ClInclude>
    <ClInclude Include="LightClass.h">
      <Filter>DirectX11\Header</Filter>
    </ClInclude>
    <ClInclude Include="LightShaderClass.h">
      <Filter>DirectX11\Header</Filter>
    </ClInclude>
    <ClInclude Include="ModelClass.h">
      <Filter>DirectX11\Header</Filter>
    </ClInclude>
    <ClInclude Include="TextureClass.h">
      <Filter>DirectX11\Header</Filter>
    </ClInclude>
    <ClInclude Include="FBXParser.h">
      <Filter>FBXParser</Filter>
    </ClInclude>
    <ClInclude Include="BitmapClass.h">
      <Filter>DirectX11\Header</Filter>
    </ClInclude>
    <ClInclude Include="FontClass.h">
      <Filter>DirectX11\Header</Filter>
    </ClInclude>
    <ClInclude Include="FontShaderClass.h">
      <Filter>DirectX11\Header</Filter>
    </ClInclude>
    <ClInclude Include="TextClass.h">
      <Filter>DirectX11\Header</Filter>
    </ClInclude>
    <ClInclude Include="CPUClass.h">
      <Filter>Profiler</Filter>
    </ClInclude>
    <ClInclude Include="TimerClass.h">
      <Filter>Profiler</Filter>
    </ClInclude>
    <ClInclude Include="FPSClass.h">
      <Filter>Profiler</Filter>
    </ClInclude>
  </ItemGroup>
  <ItemGroup>
    <None Include="Light.vs">
      <Filter>Shader</Filter>
    </None>
    <None Include="Light.ps">
      <Filter>Shader</Filter>
    </None>
    <None Include="Font.vs">
      <Filter>Shader</Filter>
    </None>
    <None Include="Font.ps">
      <Filter>Shader</Filter>
    </None>
  </ItemGroup>
</Project>