
Microsoft Visual Studio Solution File, Format Version 12.00
# Visual Studio Version 16
VisualStudioVersion = 16.0.30413.136
MinimumVisualStudioVersion = 10.0.40219.1
Project("{FAE04EC0-301F-11D3-BF4B-00C04F79EFBC}") = "NetworkStreamClient", "NetworkStreamClient\NetworkStreamClient.csproj", "{B2583B2D-BD2A-44C1-B2E7-F302136E087D}"
EndProject
Project("{FAE04EC0-301F-11D3-BF4B-00C04F79EFBC}") = "NetworkStreamServer", "NetworkStreamServer\NetworkStreamServer.csproj", "{20A04BE6-4673-4B92-B75E-68696B49D654}"
EndProject
Global
	GlobalSection(SolutionConfigurationPlatforms) = preSolution
		Debug|Any CPU = Debug|Any CPU
		Release|Any CPU = Release|Any CPU
	EndGlobalSection
	GlobalSection(ProjectConfigurationPlatforms) = postSolution
		{B2583B2D-BD2A-44C1-B2E7-F302136E087D}.Debug|Any CPU.ActiveCfg = Debug|Any CPU
		{B2583B2D-BD2A-44C1-B2E7-F302136E087D}.Debug|Any CPU.Build.0 = Debug|Any CPU
		{B2583B2D-BD2A-44C1-B2E7-F302136E087D}.Release|Any CPU.ActiveCfg = Release|Any CPU
		{B2583B2D-BD2A-44C1-B2E7-F302136E087D}.Release|Any CPU.Build.0 = Release|Any CPU
		{20A04BE6-4673-4B92-B75E-68696B49D654}.Debug|Any CPU.ActiveCfg = Debug|Any CPU
		{20A04BE6-4673-4B92-B75E-68696B49D654}.Debug|Any CPU.Build.0 = Debug|Any CPU
		{20A04BE6-4673-4B92-B75E-68696B49D654}.Release|Any CPU.ActiveCfg = Release|Any CPU
		{20A04BE6-4673-4B92-B75E-68696B49D654}.Release|Any CPU.Build.0 = Release|Any CPU
	EndGlobalSection
	GlobalSection(SolutionProperties) = preSolution
		HideSolutionNode = FALSE
	EndGlobalSection
	GlobalSection(ExtensibilityGlobals) = postSolution
		SolutionGuid = {55BF2DC3-3B2C-414F-B374-CD2E396826E0}
	EndGlobalSection
EndGlobal
