<?xml version="1.0" encoding="utf-8"?>
<Project ToolsVersion="4.0" xmlns="http://schemas.microsoft.com/developer/msbuild/2003">
  <ItemGroup>
    <Filter Include="Engine">
      <UniqueIdentifier>{8e8fb919-873d-4fb9-a654-157c84b6e8d0}</UniqueIdentifier>
    </Filter>
    <Filter Include="Util">
      <UniqueIdentifier>{b1d52355-0bc9-44f5-957d-f2d991f47fd5}</UniqueIdentifier>
    </Filter>
  </ItemGroup>
  <ItemGroup>
    <ClCompile Include="Board.cpp">
      <Filter>Engine</Filter>
    </ClCompile>
    <ClCompile Include="GameManager.cpp">
      <Filter>Engine</Filter>
    </ClCompile>
    <ClCompile Include="Main.cpp">
      <Filter>Engine</Filter>
    </ClCompile>
    <ClCompile Include="RenderUtil.cpp">
      <Filter>Util</Filter>
    </ClCompile>
    <ClCompile Include="Timer.cpp">
      <Filter>Util</Filter>
    </ClCompile>
    <ClCompile Include="SharedList.cpp">
      <Filter>Util</Filter>
    </ClCompile>
    <ClCompile Include="Entity.cpp">
      <Filter>Engine</Filter>
    </ClCompile>
    <ClCompile Include="Point.cpp">
      <Filter>Util</Filter>
    </ClCompile>
    <ClCompile Include="Player.cpp">
      <Filter>Engine</Filter>
    </ClCompile>
    <ClCompile Include="Enemy.cpp">
      <Filter>Engine</Filter>
    </ClCompile>
    <ClCompile Include="Bullet.cpp">
      <Filter>Engine</Filter>
    </ClCompile>
  </ItemGroup>
  <ItemGroup>
    <ClInclude Include="Board.h">
      <Filter>Engine</Filter>
    </ClInclude>
    <ClInclude Include="GameManager.h">
      <Filter>Engine</Filter>
    </ClInclude>
    <ClInclude Include="RenderUtil.h">
      <Filter>Util</Filter>
    </ClInclude>
    <ClInclude Include="Timer.h">
      <Filter>Util</Filter>
    </ClInclude>
    <ClInclude Include="SharedList.h">
      <Filter>Util</Filter>
    </ClInclude>
    <ClInclude Include="Entity.h">
      <Filter>Engine</Filter>
    </ClInclude>
    <ClInclude Include="Point.h">
      <Filter>Util</Filter>
    </ClInclude>
    <ClInclude Include="Player.h">
      <Filter>Engine</Filter>
    </ClInclude>
    <ClInclude Include="Enemy.h">
      <Filter>Engine</Filter>
    </ClInclude>
    <ClInclude Include="Bullet.h">
      <Filter>Engine</Filter>
    </ClInclude>
  </ItemGroup>
</Project>