<?xml version="1.0" encoding="utf-8"?>
<Project ToolsVersion="4.0" xmlns="http://schemas.microsoft.com/developer/msbuild/2003">
  <ItemGroup>
    <ClInclude Include="Chromosome.h" />
    <ClInclude Include="Genetic.h" />
    <ClInclude Include="Chromosome.hpp" />
    <ClInclude Include="Genetic.hpp" />
    <ClInclude Include="Node.h">
      <Filter>City</Filter>
    </ClInclude>
  </ItemGroup>
  <ItemGroup>
    <ClCompile Include="Main.cpp" />
    <ClCompile Include="Node.cpp">
      <Filter>City</Filter>
    </ClCompile>
  </ItemGroup>
  <ItemGroup>
    <Filter Include="City">
      <UniqueIdentifier>{d5906e7a-f1be-4ceb-8e51-2ba407946540}</UniqueIdentifier>
    </Filter>
  </ItemGroup>
</Project>