
Microsoft Visual Studio Solution File, Format Version 12.00
# Visual Studio Version 16
VisualStudioVersion = 16.0.29411.108
MinimumVisualStudioVersion = 10.0.40219.1
Project("{8BC9CEB8-8B4A-11D0-8D11-00A0C91BC942}") = "GUI_Network_Server", "GUI_Network_Server\GUI_Network_Server.vcxproj", "{61454601-6D78-4D1C-AB09-F280013322A6}"
EndProject
Project("{8BC9CEB8-8B4A-11D0-8D11-00A0C91BC942}") = "GUI_Network_Client", "GUI_Network_Client\GUI_Network_Client.vcxproj", "{163C9E19-1E4A-4B83-B092-0CAA84BCC5DC}"
EndProject
Global
	GlobalSection(SolutionConfigurationPlatforms) = preSolution
		Debug|x64 = Debug|x64
		Debug|x86 = Debug|x86
		Release|x64 = Release|x64
		Release|x86 = Release|x86
	EndGlobalSection
	GlobalSection(ProjectConfigurationPlatforms) = postSolution
		{61454601-6D78-4D1C-AB09-F280013322A6}.Debug|x64.ActiveCfg = Debug|x64
		{61454601-6D78-4D1C-AB09-F280013322A6}.Debug|x64.Build.0 = Debug|x64
		{61454601-6D78-4D1C-AB09-F280013322A6}.Debug|x86.ActiveCfg = Debug|Win32
		{61454601-6D78-4D1C-AB09-F280013322A6}.Debug|x86.Build.0 = Debug|Win32
		{61454601-6D78-4D1C-AB09-F280013322A6}.Release|x64.ActiveCfg = Release|x64
		{61454601-6D78-4D1C-AB09-F280013322A6}.Release|x64.Build.0 = Release|x64
		{61454601-6D78-4D1C-AB09-F280013322A6}.Release|x86.ActiveCfg = Release|Win32
		{61454601-6D78-4D1C-AB09-F280013322A6}.Release|x86.Build.0 = Release|Win32
		{163C9E19-1E4A-4B83-B092-0CAA84BCC5DC}.Debug|x64.ActiveCfg = Debug|x64
		{163C9E19-1E4A-4B83-B092-0CAA84BCC5DC}.Debug|x64.Build.0 = Debug|x64
		{163C9E19-1E4A-4B83-B092-0CAA84BCC5DC}.Debug|x86.ActiveCfg = Debug|Win32
		{163C9E19-1E4A-4B83-B092-0CAA84BCC5DC}.Debug|x86.Build.0 = Debug|Win32
		{163C9E19-1E4A-4B83-B092-0CAA84BCC5DC}.Release|x64.ActiveCfg = Release|x64
		{163C9E19-1E4A-4B83-B092-0CAA84BCC5DC}.Release|x64.Build.0 = Release|x64
		{163C9E19-1E4A-4B83-B092-0CAA84BCC5DC}.Release|x86.ActiveCfg = Release|Win32
		{163C9E19-1E4A-4B83-B092-0CAA84BCC5DC}.Release|x86.Build.0 = Release|Win32
	EndGlobalSection
	GlobalSection(SolutionProperties) = preSolution
		HideSolutionNode = FALSE
	EndGlobalSection
	GlobalSection(ExtensibilityGlobals) = postSolution
		SolutionGuid = {09D530F5-AAF9-4E1B-9ADB-C184777E7C87}
	EndGlobalSection
EndGlobal
