
Microsoft Visual Studio Solution File, Format Version 12.00
# Visual Studio Version 16
VisualStudioVersion = 16.0.28803.352
MinimumVisualStudioVersion = 10.0.40219.1
Project("{8BC9CEB8-8B4A-11D0-8D11-00A0C91BC942}") = "Fibonacci_Recursion", "Fibonacci_Recursion\Fibonacci_Recursion.vcxproj", "{BCE95669-51E7-48B9-BBE0-CF1B0C1034E5}"
EndProject
Global
	GlobalSection(SolutionConfigurationPlatforms) = preSolution
		Debug|x64 = Debug|x64
		Debug|x86 = Debug|x86
		Release|x64 = Release|x64
		Release|x86 = Release|x86
	EndGlobalSection
	GlobalSection(ProjectConfigurationPlatforms) = postSolution
		{BCE95669-51E7-48B9-BBE0-CF1B0C1034E5}.Debug|x64.ActiveCfg = Debug|x64
		{BCE95669-51E7-48B9-BBE0-CF1B0C1034E5}.Debug|x64.Build.0 = Debug|x64
		{BCE95669-51E7-48B9-BBE0-CF1B0C1034E5}.Debug|x86.ActiveCfg = Debug|Win32
		{BCE95669-51E7-48B9-BBE0-CF1B0C1034E5}.Debug|x86.Build.0 = Debug|Win32
		{BCE95669-51E7-48B9-BBE0-CF1B0C1034E5}.Release|x64.ActiveCfg = Release|x64
		{BCE95669-51E7-48B9-BBE0-CF1B0C1034E5}.Release|x64.Build.0 = Release|x64
		{BCE95669-51E7-48B9-BBE0-CF1B0C1034E5}.Release|x86.ActiveCfg = Release|Win32
		{BCE95669-51E7-48B9-BBE0-CF1B0C1034E5}.Release|x86.Build.0 = Release|Win32
	EndGlobalSection
	GlobalSection(SolutionProperties) = preSolution
		HideSolutionNode = FALSE
	EndGlobalSection
	GlobalSection(ExtensibilityGlobals) = postSolution
		SolutionGuid = {48548E42-97EF-4A68-BDDE-1F58E185CF29}
	EndGlobalSection
EndGlobal
